// !$*UTF8*$!
{
	archiveVersion = 1;
	classes = {
	};
	objectVersion = 46;
	objects = {

/* Begin PBXBuildFile section */
		210136521D3BDE8C000A3813 /* Bolts.framework in Frameworks */ = {isa = PBXBuildFile; fileRef = 2101364E1D3BDE8C000A3813 /* Bolts.framework */; };
		210136531D3BDE8C000A3813 /* FBSDKShareKit.framework in Frameworks */ = {isa = PBXBuildFile; fileRef = 2101364F1D3BDE8C000A3813 /* FBSDKShareKit.framework */; };
		210136541D3BDE8C000A3813 /* FBSDKCoreKit.framework in Frameworks */ = {isa = PBXBuildFile; fileRef = 210136501D3BDE8C000A3813 /* FBSDKCoreKit.framework */; };
		210136551D3BDE8C000A3813 /* FBSDKLoginKit.framework in Frameworks */ = {isa = PBXBuildFile; fileRef = 210136511D3BDE8C000A3813 /* FBSDKLoginKit.framework */; };
		210136571D3D42B5000A3813 /* ProfileTableViewController.swift in Sources */ = {isa = PBXBuildFile; fileRef = 210136561D3D42B5000A3813 /* ProfileTableViewController.swift */; };
		210136591D3D4D68000A3813 /* AddressTableViewController.swift in Sources */ = {isa = PBXBuildFile; fileRef = 210136581D3D4D68000A3813 /* AddressTableViewController.swift */; };
		2101365C1D3D76DC000A3813 /* EditAddressTableViewController.swift in Sources */ = {isa = PBXBuildFile; fileRef = 2101365B1D3D76DC000A3813 /* EditAddressTableViewController.swift */; };
		213783191D29EE3700551A3A /* dataBrain.swift in Sources */ = {isa = PBXBuildFile; fileRef = 213783181D29EE3700551A3A /* dataBrain.swift */; };
		2137831B1D2AFD0800551A3A /* User.swift in Sources */ = {isa = PBXBuildFile; fileRef = 2137831A1D2AFD0800551A3A /* User.swift */; };
		213783211D2EFEAE00551A3A /* ContactsTableViewCell.swift in Sources */ = {isa = PBXBuildFile; fileRef = 213783201D2EFEAE00551A3A /* ContactsTableViewCell.swift */; };
		213783231D2F2FEC00551A3A /* ContactsViewController.swift in Sources */ = {isa = PBXBuildFile; fileRef = 213783221D2F2FEB00551A3A /* ContactsViewController.swift */; };
		213783251D2F6DA400551A3A /* MeTableViewController.swift in Sources */ = {isa = PBXBuildFile; fileRef = 213783241D2F6DA300551A3A /* MeTableViewController.swift */; };
		2141ACF51D15C09200B6F5BF /* AppDelegate.swift in Sources */ = {isa = PBXBuildFile; fileRef = 2141ACF41D15C09200B6F5BF /* AppDelegate.swift */; };
		2141ACF71D15C09200B6F5BF /* FirstViewController.swift in Sources */ = {isa = PBXBuildFile; fileRef = 2141ACF61D15C09200B6F5BF /* FirstViewController.swift */; };
		2141ACF91D15C09200B6F5BF /* SecondViewController.swift in Sources */ = {isa = PBXBuildFile; fileRef = 2141ACF81D15C09200B6F5BF /* SecondViewController.swift */; };
		2141ACFC1D15C09200B6F5BF /* Main.storyboard in Resources */ = {isa = PBXBuildFile; fileRef = 2141ACFA1D15C09200B6F5BF /* Main.storyboard */; };
		2141ACFE1D15C09200B6F5BF /* Assets.xcassets in Resources */ = {isa = PBXBuildFile; fileRef = 2141ACFD1D15C09200B6F5BF /* Assets.xcassets */; };
		2141AD201D17234D00B6F5BF /* LoginViewController.swift in Sources */ = {isa = PBXBuildFile; fileRef = 2141AD1F1D17234D00B6F5BF /* LoginViewController.swift */; };
		215365401D3194D90066BFBF /* ProgressTableView.swift in Sources */ = {isa = PBXBuildFile; fileRef = 2153653F1D3194D90066BFBF /* ProgressTableView.swift */; };
		215B24BE1D246C53002A7C84 /* GiftSearchUIViewController.swift in Sources */ = {isa = PBXBuildFile; fileRef = 215B24BD1D246C53002A7C84 /* GiftSearchUIViewController.swift */; };
		216DEDE01D1EBB6F00DAD99F /* GoogleService-Info.plist in Resources */ = {isa = PBXBuildFile; fileRef = 216DEDDF1D1EBB6F00DAD99F /* GoogleService-Info.plist */; };
		3C42E7E01D2AEADE00EC306B /* Gift.swift in Sources */ = {isa = PBXBuildFile; fileRef = 3C42E7DF1D2AEADE00EC306B /* Gift.swift */; };
		3C42E7E21D2B6E3E00EC306B /* SearchItemDetailViewController.swift in Sources */ = {isa = PBXBuildFile; fileRef = 3C42E7E11D2B6E3E00EC306B /* SearchItemDetailViewController.swift */; };
		3C42E7E41D2B7FFD00EC306B /* SearchItemDetailTableCell.swift in Sources */ = {isa = PBXBuildFile; fileRef = 3C42E7E31D2B7FFD00EC306B /* SearchItemDetailTableCell.swift */; };
		3C42E7E61D2D8C4E00EC306B /* AddGiftTableViewContonller.swift in Sources */ = {isa = PBXBuildFile; fileRef = 3C42E7E51D2D8C4E00EC306B /* AddGiftTableViewContonller.swift */; };
		3C78D92B1D292DFF00E713BC /* SearchTableViewCell.swift in Sources */ = {isa = PBXBuildFile; fileRef = 3C78D92A1D292DFF00E713BC /* SearchTableViewCell.swift */; };
		3C8DE5EB1D15C90200A4DD85 /* ThirdViewController.swift in Sources */ = {isa = PBXBuildFile; fileRef = 3C8DE5EA1D15C90200A4DD85 /* ThirdViewController.swift */; };
		3CAA7DF11D2F39220035FF15 /* GiftTableViewCell.swift in Sources */ = {isa = PBXBuildFile; fileRef = 3CAA7DF01D2F39220035FF15 /* GiftTableViewCell.swift */; };
		3CAA7DF31D3328640035FF15 /* GiftDetailTableViewController.swift in Sources */ = {isa = PBXBuildFile; fileRef = 3CAA7DF21D3328640035FF15 /* GiftDetailTableViewController.swift */; };
		3CDC2A901D39F7DD00FD9D85 /* GiftReasonChooserViewController.swift in Sources */ = {isa = PBXBuildFile; fileRef = 3CDC2A8F1D39F7DD00FD9D85 /* GiftReasonChooserViewController.swift */; };
		3CDC2A921D3A101500FD9D85 /* ContributionDetailsUITableViewController.swift in Sources */ = {isa = PBXBuildFile; fileRef = 3CDC2A911D3A101500FD9D85 /* ContributionDetailsUITableViewController.swift */; };
		3CDC2A941D3A24E200FD9D85 /* ContributionTableCell.swift in Sources */ = {isa = PBXBuildFile; fileRef = 3CDC2A931D3A24E200FD9D85 /* ContributionTableCell.swift */; };
		DE34EF8E822E7EC48545EADA /* Pods_AmazingGifters.framework in Frameworks */ = {isa = PBXBuildFile; fileRef = F3DE75D10E5B3C95C5487D6E /* Pods_AmazingGifters.framework */; };
/* End PBXBuildFile section */

/* Begin PBXFileReference section */
		2101364E1D3BDE8C000A3813 /* Bolts.framework */ = {isa = PBXFileReference; lastKnownFileType = wrapper.framework; name = Bolts.framework; path = "../../../Documents/FacebookSDKs-iOS-4.14.0/Bolts.framework"; sourceTree = "<group>"; };
		2101364F1D3BDE8C000A3813 /* FBSDKShareKit.framework */ = {isa = PBXFileReference; lastKnownFileType = wrapper.framework; name = FBSDKShareKit.framework; path = "../../../Documents/FacebookSDKs-iOS-4.14.0/FBSDKShareKit.framework"; sourceTree = "<group>"; };
		210136501D3BDE8C000A3813 /* FBSDKCoreKit.framework */ = {isa = PBXFileReference; lastKnownFileType = wrapper.framework; name = FBSDKCoreKit.framework; path = "../../../Documents/FacebookSDKs-iOS-4.14.0/FBSDKCoreKit.framework"; sourceTree = "<group>"; };
		210136511D3BDE8C000A3813 /* FBSDKLoginKit.framework */ = {isa = PBXFileReference; lastKnownFileType = wrapper.framework; name = FBSDKLoginKit.framework; path = "../../../Documents/FacebookSDKs-iOS-4.14.0/FBSDKLoginKit.framework"; sourceTree = "<group>"; };
		210136561D3D42B5000A3813 /* ProfileTableViewController.swift */ = {isa = PBXFileReference; fileEncoding = 4; lastKnownFileType = sourcecode.swift; path = ProfileTableViewController.swift; sourceTree = "<group>"; };
		210136581D3D4D68000A3813 /* AddressTableViewController.swift */ = {isa = PBXFileReference; fileEncoding = 4; lastKnownFileType = sourcecode.swift; path = AddressTableViewController.swift; sourceTree = "<group>"; };
		2101365B1D3D76DC000A3813 /* EditAddressTableViewController.swift */ = {isa = PBXFileReference; fileEncoding = 4; lastKnownFileType = sourcecode.swift; path = EditAddressTableViewController.swift; sourceTree = "<group>"; };
		213783181D29EE3700551A3A /* dataBrain.swift */ = {isa = PBXFileReference; fileEncoding = 4; lastKnownFileType = sourcecode.swift; path = dataBrain.swift; sourceTree = "<group>"; };
		2137831A1D2AFD0800551A3A /* User.swift */ = {isa = PBXFileReference; fileEncoding = 4; lastKnownFileType = sourcecode.swift; path = User.swift; sourceTree = "<group>"; };
		213783201D2EFEAE00551A3A /* ContactsTableViewCell.swift */ = {isa = PBXFileReference; fileEncoding = 4; lastKnownFileType = sourcecode.swift; path = ContactsTableViewCell.swift; sourceTree = "<group>"; };
		213783221D2F2FEB00551A3A /* ContactsViewController.swift */ = {isa = PBXFileReference; fileEncoding = 4; lastKnownFileType = sourcecode.swift; path = ContactsViewController.swift; sourceTree = "<group>"; };
		213783241D2F6DA300551A3A /* MeTableViewController.swift */ = {isa = PBXFileReference; fileEncoding = 4; lastKnownFileType = sourcecode.swift; path = MeTableViewController.swift; sourceTree = "<group>"; };
		2141ACF11D15C09200B6F5BF /* AmazingGifters.app */ = {isa = PBXFileReference; explicitFileType = wrapper.application; includeInIndex = 0; path = AmazingGifters.app; sourceTree = BUILT_PRODUCTS_DIR; };
		2141ACF41D15C09200B6F5BF /* AppDelegate.swift */ = {isa = PBXFileReference; lastKnownFileType = sourcecode.swift; path = AppDelegate.swift; sourceTree = "<group>"; };
		2141ACF61D15C09200B6F5BF /* FirstViewController.swift */ = {isa = PBXFileReference; lastKnownFileType = sourcecode.swift; path = FirstViewController.swift; sourceTree = "<group>"; };
		2141ACF81D15C09200B6F5BF /* SecondViewController.swift */ = {isa = PBXFileReference; lastKnownFileType = sourcecode.swift; path = SecondViewController.swift; sourceTree = "<group>"; };
		2141ACFB1D15C09200B6F5BF /* Base */ = {isa = PBXFileReference; lastKnownFileType = file.storyboard; name = Base; path = Base.lproj/Main.storyboard; sourceTree = "<group>"; };
		2141ACFD1D15C09200B6F5BF /* Assets.xcassets */ = {isa = PBXFileReference; lastKnownFileType = folder.assetcatalog; path = Assets.xcassets; sourceTree = "<group>"; };
		2141AD021D15C09200B6F5BF /* Info.plist */ = {isa = PBXFileReference; lastKnownFileType = text.plist.xml; path = Info.plist; sourceTree = "<group>"; };
		2141AD1F1D17234D00B6F5BF /* LoginViewController.swift */ = {isa = PBXFileReference; fileEncoding = 4; lastKnownFileType = sourcecode.swift; path = LoginViewController.swift; sourceTree = "<group>"; };
		2153653F1D3194D90066BFBF /* ProgressTableView.swift */ = {isa = PBXFileReference; fileEncoding = 4; lastKnownFileType = sourcecode.swift; path = ProgressTableView.swift; sourceTree = "<group>"; };
		215B24BD1D246C53002A7C84 /* GiftSearchUIViewController.swift */ = {isa = PBXFileReference; fileEncoding = 4; lastKnownFileType = sourcecode.swift; path = GiftSearchUIViewController.swift; sourceTree = "<group>"; };
		216DEDDF1D1EBB6F00DAD99F /* GoogleService-Info.plist */ = {isa = PBXFileReference; fileEncoding = 4; lastKnownFileType = text.plist.xml; path = "GoogleService-Info.plist"; sourceTree = "<group>"; };
		3C42E7DF1D2AEADE00EC306B /* Gift.swift */ = {isa = PBXFileReference; fileEncoding = 4; lastKnownFileType = sourcecode.swift; path = Gift.swift; sourceTree = "<group>"; };
		3C42E7E11D2B6E3E00EC306B /* SearchItemDetailViewController.swift */ = {isa = PBXFileReference; fileEncoding = 4; lastKnownFileType = sourcecode.swift; path = SearchItemDetailViewController.swift; sourceTree = "<group>"; };
		3C42E7E31D2B7FFD00EC306B /* SearchItemDetailTableCell.swift */ = {isa = PBXFileReference; fileEncoding = 4; lastKnownFileType = sourcecode.swift; path = SearchItemDetailTableCell.swift; sourceTree = "<group>"; };
		3C42E7E51D2D8C4E00EC306B /* AddGiftTableViewContonller.swift */ = {isa = PBXFileReference; fileEncoding = 4; lastKnownFileType = sourcecode.swift; path = AddGiftTableViewContonller.swift; sourceTree = "<group>"; };
		3C748D9A1D371BF600BD4C1C /* AmazingGifters-Bridging-Header.h */ = {isa = PBXFileReference; lastKnownFileType = sourcecode.c.h; path = "AmazingGifters-Bridging-Header.h"; sourceTree = "<group>"; };
		3C78D92A1D292DFF00E713BC /* SearchTableViewCell.swift */ = {isa = PBXFileReference; fileEncoding = 4; lastKnownFileType = sourcecode.swift; path = SearchTableViewCell.swift; sourceTree = "<group>"; };
		3C8DE5EA1D15C90200A4DD85 /* ThirdViewController.swift */ = {isa = PBXFileReference; fileEncoding = 4; lastKnownFileType = sourcecode.swift; path = ThirdViewController.swift; sourceTree = "<group>"; };
		3CAA7DF01D2F39220035FF15 /* GiftTableViewCell.swift */ = {isa = PBXFileReference; fileEncoding = 4; lastKnownFileType = sourcecode.swift; path = GiftTableViewCell.swift; sourceTree = "<group>"; };
		3CAA7DF21D3328640035FF15 /* GiftDetailTableViewController.swift */ = {isa = PBXFileReference; fileEncoding = 4; lastKnownFileType = sourcecode.swift; path = GiftDetailTableViewController.swift; sourceTree = "<group>"; };
		3CDC2A8F1D39F7DD00FD9D85 /* GiftReasonChooserViewController.swift */ = {isa = PBXFileReference; fileEncoding = 4; lastKnownFileType = sourcecode.swift; path = GiftReasonChooserViewController.swift; sourceTree = "<group>"; };
		3CDC2A911D3A101500FD9D85 /* ContributionDetailsUITableViewController.swift */ = {isa = PBXFileReference; fileEncoding = 4; lastKnownFileType = sourcecode.swift; path = ContributionDetailsUITableViewController.swift; sourceTree = "<group>"; };
		3CDC2A931D3A24E200FD9D85 /* ContributionTableCell.swift */ = {isa = PBXFileReference; fileEncoding = 4; lastKnownFileType = sourcecode.swift; path = ContributionTableCell.swift; sourceTree = "<group>"; };
		9F62E7B3A7BDB1DED271BB45 /* Pods-AmazingGifters.debug.xcconfig */ = {isa = PBXFileReference; includeInIndex = 1; lastKnownFileType = text.xcconfig; name = "Pods-AmazingGifters.debug.xcconfig"; path = "Pods/Target Support Files/Pods-AmazingGifters/Pods-AmazingGifters.debug.xcconfig"; sourceTree = "<group>"; };
		C516711EECF33BE71B4D9018 /* Pods-AmazingGifters.release.xcconfig */ = {isa = PBXFileReference; includeInIndex = 1; lastKnownFileType = text.xcconfig; name = "Pods-AmazingGifters.release.xcconfig"; path = "Pods/Target Support Files/Pods-AmazingGifters/Pods-AmazingGifters.release.xcconfig"; sourceTree = "<group>"; };
		F3DE75D10E5B3C95C5487D6E /* Pods_AmazingGifters.framework */ = {isa = PBXFileReference; explicitFileType = wrapper.framework; includeInIndex = 0; path = Pods_AmazingGifters.framework; sourceTree = BUILT_PRODUCTS_DIR; };
/* End PBXFileReference section */

/* Begin PBXFrameworksBuildPhase section */
		2141ACEE1D15C09200B6F5BF /* Frameworks */ = {
			isa = PBXFrameworksBuildPhase;
			buildActionMask = 2147483647;
			files = (
				DE34EF8E822E7EC48545EADA /* Pods_AmazingGifters.framework in Frameworks */,
				210136541D3BDE8C000A3813 /* FBSDKCoreKit.framework in Frameworks */,
				210136551D3BDE8C000A3813 /* FBSDKLoginKit.framework in Frameworks */,
				210136521D3BDE8C000A3813 /* Bolts.framework in Frameworks */,
				210136531D3BDE8C000A3813 /* FBSDKShareKit.framework in Frameworks */,
			);
			runOnlyForDeploymentPostprocessing = 0;
		};
/* End PBXFrameworksBuildPhase section */

/* Begin PBXGroup section */
		2141ACE81D15C09200B6F5BF = {
			isa = PBXGroup;
			children = (
				2141ACF31D15C09200B6F5BF /* AmazingGifters */,
				2141ACF21D15C09200B6F5BF /* Products */,
				697F3B8C88A43165E547AD0B /* Pods */,
				A87227FF21F336C20C766280 /* Frameworks */,
			);
			sourceTree = "<group>";
		};
		2141ACF21D15C09200B6F5BF /* Products */ = {
			isa = PBXGroup;
			children = (
				2141ACF11D15C09200B6F5BF /* AmazingGifters.app */,
			);
			name = Products;
			sourceTree = "<group>";
		};
		2141ACF31D15C09200B6F5BF /* AmazingGifters */ = {
			isa = PBXGroup;
			children = (
				216DEDDF1D1EBB6F00DAD99F /* GoogleService-Info.plist */,
				2141AD021D15C09200B6F5BF /* Info.plist */,
				2141AD0F1D171C8200B6F5BF /* Frameworks */,
				2141ACF41D15C09200B6F5BF /* AppDelegate.swift */,
				3C78D9251D29105100E713BC /* Models */,
				21CB4C081D498CED007411A3 /* Controller */,
				2179A59B1D215BB5004C6448 /* Views */,
				2141ACFA1D15C09200B6F5BF /* Main.storyboard */,
				2141ACFD1D15C09200B6F5BF /* Assets.xcassets */,
			);
			path = AmazingGifters;
			sourceTree = "<group>";
		};
		2141AD0F1D171C8200B6F5BF /* Frameworks */ = {
			isa = PBXGroup;
			children = (
				2101364E1D3BDE8C000A3813 /* Bolts.framework */,
				2101364F1D3BDE8C000A3813 /* FBSDKShareKit.framework */,
				210136501D3BDE8C000A3813 /* FBSDKCoreKit.framework */,
				210136511D3BDE8C000A3813 /* FBSDKLoginKit.framework */,
			);
			name = Frameworks;
			sourceTree = "<group>";
		};
		2179A59B1D215BB5004C6448 /* Views */ = {
			isa = PBXGroup;
			children = (
				3C42E7E31D2B7FFD00EC306B /* SearchItemDetailTableCell.swift */,
				3C78D92A1D292DFF00E713BC /* SearchTableViewCell.swift */,
				3CAA7DF01D2F39220035FF15 /* GiftTableViewCell.swift */,
				213783201D2EFEAE00551A3A /* ContactsTableViewCell.swift */,
				3CDC2A931D3A24E200FD9D85 /* ContributionTableCell.swift */,
			);
			name = Views;
			sourceTree = "<group>";
		};
		21CB4C081D498CED007411A3 /* Controller */ = {
			isa = PBXGroup;
			children = (
				2141AD1F1D17234D00B6F5BF /* LoginViewController.swift */,
				2141ACF61D15C09200B6F5BF /* FirstViewController.swift */,
				3C42E7E51D2D8C4E00EC306B /* AddGiftTableViewContonller.swift */,
				3CAA7DF21D3328640035FF15 /* GiftDetailTableViewController.swift */,
				215B24BD1D246C53002A7C84 /* GiftSearchUIViewController.swift */,
				3C42E7E11D2B6E3E00EC306B /* SearchItemDetailViewController.swift */,
				2141ACF81D15C09200B6F5BF /* SecondViewController.swift */,
				213783221D2F2FEB00551A3A /* ContactsViewController.swift */,
				2153653F1D3194D90066BFBF /* ProgressTableView.swift */,
				3C8DE5EA1D15C90200A4DD85 /* ThirdViewController.swift */,
				213783241D2F6DA300551A3A /* MeTableViewController.swift */,
				210136561D3D42B5000A3813 /* ProfileTableViewController.swift */,
				3CDC2A8F1D39F7DD00FD9D85 /* GiftReasonChooserViewController.swift */,
				3CDC2A911D3A101500FD9D85 /* ContributionDetailsUITableViewController.swift */,
				210136581D3D4D68000A3813 /* AddressTableViewController.swift */,
				2101365B1D3D76DC000A3813 /* EditAddressTableViewController.swift */,
				3C748D9A1D371BF600BD4C1C /* AmazingGifters-Bridging-Header.h */,
			);
			name = Controller;
			sourceTree = "<group>";
		};
		3C78D9251D29105100E713BC /* Models */ = {
			isa = PBXGroup;
			children = (
				213783181D29EE3700551A3A /* dataBrain.swift */,
				3C42E7DF1D2AEADE00EC306B /* Gift.swift */,
				2137831A1D2AFD0800551A3A /* User.swift */,
			);
			name = Models;
			sourceTree = "<group>";
		};
		697F3B8C88A43165E547AD0B /* Pods */ = {
			isa = PBXGroup;
			children = (
				9F62E7B3A7BDB1DED271BB45 /* Pods-AmazingGifters.debug.xcconfig */,
				C516711EECF33BE71B4D9018 /* Pods-AmazingGifters.release.xcconfig */,
			);
			name = Pods;
			sourceTree = "<group>";
		};
		A87227FF21F336C20C766280 /* Frameworks */ = {
			isa = PBXGroup;
			children = (
				F3DE75D10E5B3C95C5487D6E /* Pods_AmazingGifters.framework */,
			);
			name = Frameworks;
			sourceTree = "<group>";
		};
/* End PBXGroup section */

/* Begin PBXNativeTarget section */
		2141ACF01D15C09200B6F5BF /* AmazingGifters */ = {
			isa = PBXNativeTarget;
			buildConfigurationList = 2141AD051D15C09200B6F5BF /* Build configuration list for PBXNativeTarget "AmazingGifters" */;
			buildPhases = (
				5AC9385103D34EEC32EEFD4E /* [CP] Check Pods Manifest.lock */,
				2141ACED1D15C09200B6F5BF /* Sources */,
				2141ACEE1D15C09200B6F5BF /* Frameworks */,
				2141ACEF1D15C09200B6F5BF /* Resources */,
				C64A8738DD0FFCF66016DC61 /* [CP] Embed Pods Frameworks */,
				905D145F648080EA3CF4321A /* [CP] Copy Pods Resources */,
			);
			buildRules = (
			);
			dependencies = (
			);
			name = AmazingGifters;
			productName = AmazingGifters;
			productReference = 2141ACF11D15C09200B6F5BF /* AmazingGifters.app */;
			productType = "com.apple.product-type.application";
		};
/* End PBXNativeTarget section */

/* Begin PBXProject section */
		2141ACE91D15C09200B6F5BF /* Project object */ = {
			isa = PBXProject;
			attributes = {
				LastSwiftUpdateCheck = 0730;
				LastUpgradeCheck = 0730;
				ORGANIZATIONNAME = "Kai Lu";
				TargetAttributes = {
					2141ACF01D15C09200B6F5BF = {
						CreatedOnToolsVersion = 7.3.1;
						DevelopmentTeam = BT468JP7F5;
					};
				};
			};
			buildConfigurationList = 2141ACEC1D15C09200B6F5BF /* Build configuration list for PBXProject "AmazingGifters" */;
			compatibilityVersion = "Xcode 3.2";
			developmentRegion = English;
			hasScannedForEncodings = 0;
			knownRegions = (
				en,
				Base,
			);
			mainGroup = 2141ACE81D15C09200B6F5BF;
			productRefGroup = 2141ACF21D15C09200B6F5BF /* Products */;
			projectDirPath = "";
			projectRoot = "";
			targets = (
				2141ACF01D15C09200B6F5BF /* AmazingGifters */,
			);
		};
/* End PBXProject section */

/* Begin PBXResourcesBuildPhase section */
		2141ACEF1D15C09200B6F5BF /* Resources */ = {
			isa = PBXResourcesBuildPhase;
			buildActionMask = 2147483647;
			files = (
				216DEDE01D1EBB6F00DAD99F /* GoogleService-Info.plist in Resources */,
				2141ACFE1D15C09200B6F5BF /* Assets.xcassets in Resources */,
				2141ACFC1D15C09200B6F5BF /* Main.storyboard in Resources */,
			);
			runOnlyForDeploymentPostprocessing = 0;
		};
/* End PBXResourcesBuildPhase section */

/* Begin PBXShellScriptBuildPhase section */
		5AC9385103D34EEC32EEFD4E /* [CP] Check Pods Manifest.lock */ = {
			isa = PBXShellScriptBuildPhase;
			buildActionMask = 2147483647;
			files = (
			);
			inputPaths = (
			);
			name = "[CP] Check Pods Manifest.lock";
			outputPaths = (
			);
			runOnlyForDeploymentPostprocessing = 0;
			shellPath = /bin/sh;
			shellScript = "diff \"${PODS_ROOT}/../Podfile.lock\" \"${PODS_ROOT}/Manifest.lock\" > /dev/null\nif [[ $? != 0 ]] ; then\n    cat << EOM\nerror: The sandbox is not in sync with the Podfile.lock. Run 'pod install' or update your CocoaPods installation.\nEOM\n    exit 1\nfi\n";
			showEnvVarsInLog = 0;
		};
		905D145F648080EA3CF4321A /* [CP] Copy Pods Resources */ = {
			isa = PBXShellScriptBuildPhase;
			buildActionMask = 2147483647;
			files = (
			);
			inputPaths = (
			);
			name = "[CP] Copy Pods Resources";
			outputPaths = (
			);
			runOnlyForDeploymentPostprocessing = 0;
			shellPath = /bin/sh;
			shellScript = "\"${SRCROOT}/Pods/Target Support Files/Pods-AmazingGifters/Pods-AmazingGifters-resources.sh\"\n";
			showEnvVarsInLog = 0;
		};
		C64A8738DD0FFCF66016DC61 /* [CP] Embed Pods Frameworks */ = {
			isa = PBXShellScriptBuildPhase;
			buildActionMask = 2147483647;
			files = (
			);
			inputPaths = (
			);
			name = "[CP] Embed Pods Frameworks";
			outputPaths = (
			);
			runOnlyForDeploymentPostprocessing = 0;
			shellPath = /bin/sh;
			shellScript = "\"${SRCROOT}/Pods/Target Support Files/Pods-AmazingGifters/Pods-AmazingGifters-frameworks.sh\"\n";
			showEnvVarsInLog = 0;
		};
/* End PBXShellScriptBuildPhase section */

/* Begin PBXSourcesBuildPhase section */
		2141ACED1D15C09200B6F5BF /* Sources */ = {
			isa = PBXSourcesBuildPhase;
			buildActionMask = 2147483647;
			files = (
				2101365C1D3D76DC000A3813 /* EditAddressTableViewController.swift in Sources */,
				2137831B1D2AFD0800551A3A /* User.swift in Sources */,
				213783191D29EE3700551A3A /* dataBrain.swift in Sources */,
				3C42E7E61D2D8C4E00EC306B /* AddGiftTableViewContonller.swift in Sources */,
				210136571D3D42B5000A3813 /* ProfileTableViewController.swift in Sources */,
				2141ACF91D15C09200B6F5BF /* SecondViewController.swift in Sources */,
				3C42E7E21D2B6E3E00EC306B /* SearchItemDetailViewController.swift in Sources */,
				2141ACF51D15C09200B6F5BF /* AppDelegate.swift in Sources */,
				215365401D3194D90066BFBF /* ProgressTableView.swift in Sources */,
				213783251D2F6DA400551A3A /* MeTableViewController.swift in Sources */,
				213783231D2F2FEC00551A3A /* ContactsViewController.swift in Sources */,
				3C42E7E01D2AEADE00EC306B /* Gift.swift in Sources */,
				3C8DE5EB1D15C90200A4DD85 /* ThirdViewController.swift in Sources */,
				3CAA7DF11D2F39220035FF15 /* GiftTableViewCell.swift in Sources */,
				3CDC2A921D3A101500FD9D85 /* ContributionDetailsUITableViewController.swift in Sources */,
				3CDC2A901D39F7DD00FD9D85 /* GiftReasonChooserViewController.swift in Sources */,
				213783211D2EFEAE00551A3A /* ContactsTableViewCell.swift in Sources */,
				210136591D3D4D68000A3813 /* AddressTableViewController.swift in Sources */,
				3CAA7DF31D3328640035FF15 /* GiftDetailTableViewController.swift in Sources */,
				3CDC2A941D3A24E200FD9D85 /* ContributionTableCell.swift in Sources */,
				2141AD201D17234D00B6F5BF /* LoginViewController.swift in Sources */,
				3C42E7E41D2B7FFD00EC306B /* SearchItemDetailTableCell.swift in Sources */,
				215B24BE1D246C53002A7C84 /* GiftSearchUIViewController.swift in Sources */,
				2141ACF71D15C09200B6F5BF /* FirstViewController.swift in Sources */,
				3C78D92B1D292DFF00E713BC /* SearchTableViewCell.swift in Sources */,
			);
			runOnlyForDeploymentPostprocessing = 0;
		};
/* End PBXSourcesBuildPhase section */

/* Begin PBXVariantGroup section */
		2141ACFA1D15C09200B6F5BF /* Main.storyboard */ = {
			isa = PBXVariantGroup;
			children = (
				2141ACFB1D15C09200B6F5BF /* Base */,
			);
			name = Main.storyboard;
			sourceTree = "<group>";
		};
/* End PBXVariantGroup section */

/* Begin XCBuildConfiguration section */
		2141AD031D15C09200B6F5BF /* Debug */ = {
			isa = XCBuildConfiguration;
			buildSettings = {
				ALWAYS_SEARCH_USER_PATHS = NO;
				CLANG_ANALYZER_NONNULL = YES;
				CLANG_CXX_LANGUAGE_STANDARD = "gnu++0x";
				CLANG_CXX_LIBRARY = "libc++";
				CLANG_ENABLE_MODULES = YES;
				CLANG_ENABLE_OBJC_ARC = YES;
				CLANG_WARN_BOOL_CONVERSION = YES;
				CLANG_WARN_CONSTANT_CONVERSION = YES;
				CLANG_WARN_DIRECT_OBJC_ISA_USAGE = YES_ERROR;
				CLANG_WARN_EMPTY_BODY = YES;
				CLANG_WARN_ENUM_CONVERSION = YES;
				CLANG_WARN_INT_CONVERSION = YES;
				CLANG_WARN_OBJC_ROOT_CLASS = YES_ERROR;
				CLANG_WARN_UNREACHABLE_CODE = YES;
				CLANG_WARN__DUPLICATE_METHOD_MATCH = YES;
				"CODE_SIGN_IDENTITY[sdk=iphoneos*]" = "iPhone Developer";
				COPY_PHASE_STRIP = NO;
				DEBUG_INFORMATION_FORMAT = dwarf;
				ENABLE_STRICT_OBJC_MSGSEND = YES;
				ENABLE_TESTABILITY = YES;
				FRAMEWORK_SEARCH_PATHS = "$(inherited)";
				GCC_C_LANGUAGE_STANDARD = gnu99;
				GCC_DYNAMIC_NO_PIC = NO;
				GCC_NO_COMMON_BLOCKS = YES;
				GCC_OPTIMIZATION_LEVEL = 0;
				GCC_PREPROCESSOR_DEFINITIONS = (
					"DEBUG=1",
					"$(inherited)",
				);
				GCC_WARN_64_TO_32_BIT_CONVERSION = YES;
				GCC_WARN_ABOUT_RETURN_TYPE = YES_ERROR;
				GCC_WARN_UNDECLARED_SELECTOR = YES;
				GCC_WARN_UNINITIALIZED_AUTOS = YES_AGGRESSIVE;
				GCC_WARN_UNUSED_FUNCTION = YES;
				GCC_WARN_UNUSED_VARIABLE = YES;
				IPHONEOS_DEPLOYMENT_TARGET = 9.3;
				MTL_ENABLE_DEBUG_INFO = YES;
				ONLY_ACTIVE_ARCH = YES;
				SDKROOT = iphoneos;
				SWIFT_OPTIMIZATION_LEVEL = "-Onone";
				TARGETED_DEVICE_FAMILY = "1,2";
			};
			name = Debug;
		};
		2141AD041D15C09200B6F5BF /* Release */ = {
			isa = XCBuildConfiguration;
			buildSettings = {
				ALWAYS_SEARCH_USER_PATHS = NO;
				CLANG_ANALYZER_NONNULL = YES;
				CLANG_CXX_LANGUAGE_STANDARD = "gnu++0x";
				CLANG_CXX_LIBRARY = "libc++";
				CLANG_ENABLE_MODULES = YES;
				CLANG_ENABLE_OBJC_ARC = YES;
				CLANG_WARN_BOOL_CONVERSION = YES;
				CLANG_WARN_CONSTANT_CONVERSION = YES;
				CLANG_WARN_DIRECT_OBJC_ISA_USAGE = YES_ERROR;
				CLANG_WARN_EMPTY_BODY = YES;
				CLANG_WARN_ENUM_CONVERSION = YES;
				CLANG_WARN_INT_CONVERSION = YES;
				CLANG_WARN_OBJC_ROOT_CLASS = YES_ERROR;
				CLANG_WARN_UNREACHABLE_CODE = YES;
				CLANG_WARN__DUPLICATE_METHOD_MATCH = YES;
				"CODE_SIGN_IDENTITY[sdk=iphoneos*]" = "iPhone Developer";
				COPY_PHASE_STRIP = NO;
				DEBUG_INFORMATION_FORMAT = "dwarf-with-dsym";
				ENABLE_NS_ASSERTIONS = NO;
				ENABLE_STRICT_OBJC_MSGSEND = YES;
				FRAMEWORK_SEARCH_PATHS = "$(inherited)";
				GCC_C_LANGUAGE_STANDARD = gnu99;
				GCC_NO_COMMON_BLOCKS = YES;
				GCC_WARN_64_TO_32_BIT_CONVERSION = YES;
				GCC_WARN_ABOUT_RETURN_TYPE = YES_ERROR;
				GCC_WARN_UNDECLARED_SELECTOR = YES;
				GCC_WARN_UNINITIALIZED_AUTOS = YES_AGGRESSIVE;
				GCC_WARN_UNUSED_FUNCTION = YES;
				GCC_WARN_UNUSED_VARIABLE = YES;
				IPHONEOS_DEPLOYMENT_TARGET = 9.3;
				MTL_ENABLE_DEBUG_INFO = NO;
				SDKROOT = iphoneos;
				TARGETED_DEVICE_FAMILY = "1,2";
				VALIDATE_PRODUCT = YES;
			};
			name = Release;
		};
		2141AD061D15C09200B6F5BF /* Debug */ = {
			isa = XCBuildConfiguration;
			baseConfigurationReference = 9F62E7B3A7BDB1DED271BB45 /* Pods-AmazingGifters.debug.xcconfig */;
			buildSettings = {
				ASSETCATALOG_COMPILER_APPICON_NAME = AppIcon;
				ASSETCATALOG_COMPILER_LAUNCHIMAGE_NAME = LaunchImage;
				CLANG_ENABLE_MODULES = YES;
				CODE_SIGN_IDENTITY = "iPhone Developer";
				"CODE_SIGN_IDENTITY[sdk=iphoneos*]" = "iPhone Developer";
				FRAMEWORK_SEARCH_PATHS = (
					"$(inherited)",
					"~/Documents/FacebookSDKs-iOS-4.14.0",
				);
				INFOPLIST_FILE = AmazingGifters/Info.plist;
				LD_RUNPATH_SEARCH_PATHS = "$(inherited) @executable_path/Frameworks";
				PRODUCT_BUNDLE_IDENTIFIER = edu.gatech.AmazingGifter;
				PRODUCT_NAME = "$(TARGET_NAME)";
				PROVISIONING_PROFILE = "";
				SWIFT_INSTALL_OBJC_HEADER = NO;
				SWIFT_OBJC_BRIDGING_HEADER = "AmazingGifters/AmazingGifters-Bridging-Header.h";
				SWIFT_OPTIMIZATION_LEVEL = "-Onone";
			};
			name = Debug;
		};
		2141AD071D15C09200B6F5BF /* Release */ = {
			isa = XCBuildConfiguration;
			baseConfigurationReference = C516711EECF33BE71B4D9018 /* Pods-AmazingGifters.release.xcconfig */;
			buildSettings = {
				ASSETCATALOG_COMPILER_APPICON_NAME = AppIcon;
				ASSETCATALOG_COMPILER_LAUNCHIMAGE_NAME = LaunchImage;
				CLANG_ENABLE_MODULES = YES;
				CODE_SIGN_IDENTITY = "iPhone Developer";
				"CODE_SIGN_IDENTITY[sdk=iphoneos*]" = "iPhone Developer";
				FRAMEWORK_SEARCH_PATHS = (
					"$(inherited)",
					"~/Documents/FacebookSDKs-iOS-4.14.0",
				);
				INFOPLIST_FILE = AmazingGifters/Info.plist;
				LD_RUNPATH_SEARCH_PATHS = "$(inherited) @executable_path/Frameworks";
				PRODUCT_BUNDLE_IDENTIFIER = edu.gatech.AmazingGifter;
				PRODUCT_NAME = "$(TARGET_NAME)";
				PROVISIONING_PROFILE = "";
				SWIFT_INSTALL_OBJC_HEADER = NO;
				SWIFT_OBJC_BRIDGING_HEADER = "AmazingGifters/AmazingGifters-Bridging-Header.h";
			};
			name = Release;
		};
/* End XCBuildConfiguration section */

/* Begin XCConfigurationList section */
		2141ACEC1D15C09200B6F5BF /* Build configuration list for PBXProject "AmazingGifters" */ = {
			isa = XCConfigurationList;
			buildConfigurations = (
				2141AD031D15C09200B6F5BF /* Debug */,
				2141AD041D15C09200B6F5BF /* Release */,
			);
			defaultConfigurationIsVisible = 0;
			defaultConfigurationName = Release;
		};
		2141AD051D15C09200B6F5BF /* Build configuration list for PBXNativeTarget "AmazingGifters" */ = {
			isa = XCConfigurationList;
			buildConfigurations = (
				2141AD061D15C09200B6F5BF /* Debug */,
				2141AD071D15C09200B6F5BF /* Release */,
			);
			defaultConfigurationIsVisible = 0;
			defaultConfigurationName = Release;
		};
/* End XCConfigurationList section */
	};
	rootObject = 2141ACE91D15C09200B6F5BF /* Project object */;
}
